
Microsoft Visual Studio Solution File, Format Version 10.00
# Visual Studio 2008
Project("{FAE04EC0-301F-11D3-BF4B-00C04F79EFBC}") = "GameXna", "GameXna.csproj", "{BEC08D55-F74E-4133-B89A-C3E4982ED818}"
EndProject
Global
	GlobalSection(SolutionConfigurationPlatforms) = preSolution
		Debug|x86 = Debug|x86
		Release|x86 = Release|x86
	EndGlobalSection
	GlobalSection(ProjectConfigurationPlatforms) = postSolution
		{BEC08D55-F74E-4133-B89A-C3E4982ED818}.Debug|x86.ActiveCfg = Debug|x86
		{BEC08D55-F74E-4133-B89A-C3E4982ED818}.Debug|x86.Build.0 = Debug|x86
		{BEC08D55-F74E-4133-B89A-C3E4982ED818}.Release|x86.ActiveCfg = Release|x86
		{BEC08D55-F74E-4133-B89A-C3E4982ED818}.Release|x86.Build.0 = Release|x86
		{704E1109-EB1F-4E81-9A7D-F9E39627CE93}.Debug|x86.ActiveCfg = Debug|x86
		{704E1109-EB1F-4E81-9A7D-F9E39627CE93}.Release|x86.ActiveCfg = Release|x86
	EndGlobalSection
	GlobalSection(SolutionProperties) = preSolution
		HideSolutionNode = FALSE
	EndGlobalSection
EndGlobal
